
Microsoft Visual Studio Solution File, Format Version 12.00
# Visual Studio Version 16
VisualStudioVersion = 16.0.30611.23
MinimumVisualStudioVersion = 10.0.40219.1
Project("{9A19103F-16F7-4668-BE54-9A1E7A4F7556}") = "simplexapi.Common", "simplexapi.Common\simplexapi.Common.csproj", "{DA415C35-CB32-4E06-9DF0-3CD0E8078E8A}"
EndProject
Project("{9A19103F-16F7-4668-BE54-9A1E7A4F7556}") = "simplexapi.Common.Test", "simplexapi.Common.Test\simplexapi.Common.Test.csproj", "{5AD667A4-C935-4C82-BED2-F0DC8D9F257E}"
EndProject
Project("{FAE04EC0-301F-11D3-BF4B-00C04F79EFBC}") = "simplexapi", "simplexapi\simplexapi.csproj", "{7CB44C85-B533-4022-9129-8B6C49A9B785}"
EndProject
Global
	GlobalSection(SolutionConfigurationPlatforms) = preSolution
		Debug|Any CPU = Debug|Any CPU
		Release|Any CPU = Release|Any CPU
	EndGlobalSection
	GlobalSection(ProjectConfigurationPlatforms) = postSolution
		{DA415C35-CB32-4E06-9DF0-3CD0E8078E8A}.Debug|Any CPU.ActiveCfg = Debug|Any CPU
		{DA415C35-CB32-4E06-9DF0-3CD0E8078E8A}.Debug|Any CPU.Build.0 = Debug|Any CPU
		{DA415C35-CB32-4E06-9DF0-3CD0E8078E8A}.Release|Any CPU.ActiveCfg = Release|Any CPU
		{DA415C35-CB32-4E06-9DF0-3CD0E8078E8A}.Release|Any CPU.Build.0 = Release|Any CPU
		{5AD667A4-C935-4C82-BED2-F0DC8D9F257E}.Debug|Any CPU.ActiveCfg = Debug|Any CPU
		{5AD667A4-C935-4C82-BED2-F0DC8D9F257E}.Debug|Any CPU.Build.0 = Debug|Any CPU
		{5AD667A4-C935-4C82-BED2-F0DC8D9F257E}.Release|Any CPU.ActiveCfg = Release|Any CPU
		{5AD667A4-C935-4C82-BED2-F0DC8D9F257E}.Release|Any CPU.Build.0 = Release|Any CPU
		{7CB44C85-B533-4022-9129-8B6C49A9B785}.Debug|Any CPU.ActiveCfg = Debug|Any CPU
		{7CB44C85-B533-4022-9129-8B6C49A9B785}.Debug|Any CPU.Build.0 = Debug|Any CPU
		{7CB44C85-B533-4022-9129-8B6C49A9B785}.Release|Any CPU.ActiveCfg = Release|Any CPU
		{7CB44C85-B533-4022-9129-8B6C49A9B785}.Release|Any CPU.Build.0 = Release|Any CPU
	EndGlobalSection
	GlobalSection(SolutionProperties) = preSolution
		HideSolutionNode = FALSE
	EndGlobalSection
	GlobalSection(ExtensibilityGlobals) = postSolution
		SolutionGuid = {D63B84DE-BBD0-4309-A9E7-EB5397D8032B}
	EndGlobalSection
EndGlobal
